{
  "name": "GMM_Wedding",
  "lockfileVersion": 3,
  "requires": true,
  "packages": {
    "": {
      "dependencies": {
        "@tsparticles/react": "^4.3.2",
        "@tsparticles/slim": "^4.3.2",
        "lenis": "^1.3.25",
        "motion": "^12.43.0"
      }
    },
    "node_modules/@tsparticles/animation-utils": {
      "version": "4.3.2",
      "resolved": "https://registry.npmjs.org/@tsparticles/animation-utils/-/animation-utils-4.3.2.tgz",
      "integrity": "sha512-x4i/F24myZsk/qJEkREbOpzoWJtAbW8cL0Pan0Y5SdmKkG0dyLHw/fTG2uttIA3eeXhPH8JN648pSZMvbNJItw==",
      "funding": [
        {
          "type": "github",
          "url": "https://github.com/sponsors/matteobruni"
        },
        {
          "type": "github",
          "url": "https://github.com/sponsors/tsparticles"
        },
        {
          "type": "buymeacoffee",
          "url": "https://www.buymeacoffee.com/matteobruni"
        }
      ],
      "license": "MIT",
      "peerDependencies": {
        "@tsparticles/engine": "4.3.2"
      }
    },
    "node_modules/@tsparticles/basic": {
      "version": "4.3.2",
      "resolved": "https://registry.npmjs.org/@tsparticles/basic/-/basic-4.3.2.tgz",
      "integrity": "sha512-8XTjwZqrxdfT1WUBvhjip1uksdeYBG0k0mr87vebIs7EwCSO//Rau1XYrHE69mSBwYvIqEhLNcwAixHbypG44Q==",
      "funding": [
        {
          "type": "github",
          "url": "https://github.com/sponsors/matteobruni"
        },
        {
          "type": "github",
          "url": "https://github.com/sponsors/tsparticles"
        },
        {
          "type": "buymeacoffee",
          "url": "https://www.buymeacoffee.com/matteobruni"
        }
      ],
      "license": "MIT",
      "dependencies": {
        "@tsparticles/engine": "4.3.2",
        "@tsparticles/plugin-blend": "4.3.2",
        "@tsparticles/plugin-hex-color": "4.3.2",
        "@tsparticles/plugin-hsl-color": "4.3.2",
        "@tsparticles/plugin-move": "4.3.2",
        "@tsparticles/plugin-rgb-color": "4.3.2",
        "@tsparticles/shape-circle": "4.3.2",
        "@tsparticles/updater-opacity": "4.3.2",
        "@tsparticles/updater-out-modes": "4.3.2",
        "@tsparticles/updater-paint": "4.3.2",
        "@tsparticles/updater-size": "4.3.2"
      }
    },
    "node_modules/@tsparticles/canvas-utils": {
      "version": "4.3.2",
      "resolved": "https://registry.npmjs.org/@tsparticles/canvas-utils/-/canvas-utils-4.3.2.tgz",
      "integrity": "sha512-SN0O1sFhaCH5NfkZK9KawY9dK8YhiDqwPbqv7/Y9/oKmdreXQ2GSkaPOHOGmVDAkl3LYTI8Ip/JfNZaJ1GxDJQ==",
      "funding": [
        {
          "type": "github",
          "url": "https://github.com/sponsors/matteobruni"
        },
        {
          "type": "github",
          "url": "https://github.com/sponsors/tsparticles"
        },
        {
          "type": "buymeacoffee",
          "url": "https://www.buymeacoffee.com/matteobruni"
        }
      ],
      "license": "MIT",
      "peerDependencies": {
        "@tsparticles/engine": "4.3.2"
      }
    },
    "node_modules/@tsparticles/engine": {
      "version": "4.3.2",
      "resolved": "https://registry.npmjs.org/@tsparticles/engine/-/engine-4.3.2.tgz",
      "integrity": "sha512-k4U7uahhxt7bPjEPHu+qrJXjHRysy/QMN+2/KK4d0/V7CElt5/oeR+H9QB95Osy/PtUCCi6EH/LS7k0443qlJA==",
      "funding": [
        {
          "type": "github",
          "url": "https://github.com/sponsors/matteobruni"
        },
        {
          "type": "github",
          "url": "https://github.com/sponsors/tsparticles"
        },
        {
          "type": "buymeacoffee",
          "url": "https://www.buymeacoffee.com/matteobruni"
        }
      ],
      "hasInstallScript": true,
      "license": "MIT"
    },
    "node_modules/@tsparticles/interaction-external-attract": {
      "version": "4.3.2",
      "resolved": "https://registry.npmjs.org/@tsparticles/interaction-external-attract/-/interaction-external-attract-4.3.2.tgz",
      "integrity": "sha512-dMODX9wNrro+E4mjooFSpA9GsGTecqaNzBaSxHY4wUd4Vqlwms3nGfcLs8mr5C6oOz9+i8ADClN30HbcK1n6hw==",
      "license": "MIT",
      "peerDependencies": {
        "@tsparticles/engine": "4.3.2",
        "@tsparticles/plugin-interactivity": "4.3.2"
      }
    },
    "node_modules/@tsparticles/interaction-external-bounce": {
      "version": "4.3.2",
      "resolved": "https://registry.npmjs.org/@tsparticles/interaction-external-bounce/-/interaction-external-bounce-4.3.2.tgz",
      "integrity": "sha512-xRa4HT1TZ2T+TdAr3Y6P99hDC3vfvz04QPFr7QaZxnkZDpqeXSzT3VdWa4+PhWnV8s+VzmDI4MWqk5b6dfyq4w==",
      "license": "MIT",
      "peerDependencies": {
        "@tsparticles/engine": "4.3.2",
        "@tsparticles/plugin-interactivity": "4.3.2"
      }
    },
    "node_modules/@tsparticles/interaction-external-bubble": {
      "version": "4.3.2",
      "resolved": "https://registry.npmjs.org/@tsparticles/interaction-external-bubble/-/interaction-external-bubble-4.3.2.tgz",
      "integrity": "sha512-DkFnv+ydwe/ZFsex7S1fmBfaDNFXIZCbBxEmYWylKkiWcm1yTe5A5YzqkEdQZC7tglppf3Jdou9cQXzwoD5HrA==",
      "license": "MIT",
      "peerDependencies": {
        "@tsparticles/engine": "4.3.2",
        "@tsparticles/plugin-interactivity": "4.3.2"
      }
    },
    "node_modules/@tsparticles/interaction-external-connect": {
      "version": "4.3.2",
      "resolved": "https://registry.npmjs.org/@tsparticles/interaction-external-connect/-/interaction-external-connect-4.3.2.tgz",
      "integrity": "sha512-hZI01JrXCJLVO4l8jq5nB/6U+ghE7SjOoqbUqR8sM/PiNA6jQupibweyhvK8R/4Rh+soAYZHZ1uBFxXwpXOb5A==",
      "license": "MIT",
      "dependencies": {
        "@tsparticles/canvas-utils": "4.3.2"
      },
      "peerDependencies": {
        "@tsparticles/engine": "4.3.2",
        "@tsparticles/plugin-interactivity": "4.3.2"
      }
    },
    "node_modules/@tsparticles/interaction-external-destroy": {
      "version": "4.3.2",
      "resolved": "https://registry.npmjs.org/@tsparticles/interaction-external-destroy/-/interaction-external-destroy-4.3.2.tgz",
      "integrity": "sha512-HNb4zbZQwMIurFGT/TeyJ2NVlIrBRgVuc93mRIWIA1vOdFZMEkkE1mgP55sOii/vASp/UAB+dXaaJP37gaC46w==",
      "license": "MIT",
      "peerDependencies": {
        "@tsparticles/engine": "4.3.2",
        "@tsparticles/plugin-interactivity": "4.3.2"
      }
    },
    "node_modules/@tsparticles/interaction-external-grab": {
      "version": "4.3.2",
      "resolved": "https://registry.npmjs.org/@tsparticles/interaction-external-grab/-/interaction-external-grab-4.3.2.tgz",
      "integrity": "sha512-WITZJ4u36yPEcnVljpfWhMc8aJn07Zz8Eq7u5umERBTKF0QdLrMWseM3HgSv7AOV04fp86CDciVLOa2Ivdwcrw==",
      "license": "MIT",
      "dependencies": {
        "@tsparticles/canvas-utils": "4.3.2"
      },
      "peerDependencies": {
        "@tsparticles/engine": "4.3.2",
        "@tsparticles/plugin-interactivity": "4.3.2"
      }
    },
    "node_modules/@tsparticles/interaction-external-parallax": {
      "version": "4.3.2",
      "resolved": "https://registry.npmjs.org/@tsparticles/interaction-external-parallax/-/interaction-external-parallax-4.3.2.tgz",
      "integrity": "sha512-sdP7OI7pMbKfvI819M9Ini3Lm8/OR3Lt3jXWb7gP8bDUxZ0zbWa5gmkZjWwyW8bFzBMssjSY1J1GhkZzTMv6Yg==",
      "license": "MIT",
      "peerDependencies": {
        "@tsparticles/engine": "4.3.2",
        "@tsparticles/plugin-interactivity": "4.3.2"
      }
    },
    "node_modules/@tsparticles/interaction-external-pause": {
      "version": "4.3.2",
      "resolved": "https://registry.npmjs.org/@tsparticles/interaction-external-pause/-/interaction-external-pause-4.3.2.tgz",
      "integrity": "sha512-nuIoXWAFb1wVNk29iiGJHjN6XaPlUJjsLsF1Tl9QhKAlXvrXk08zZsU7QVJ4bzMhyQ94IZdzNAVPd4cvOhVrHQ==",
      "license": "MIT",
      "peerDependencies": {
        "@tsparticles/engine": "4.3.2",
        "@tsparticles/plugin-interactivity": "4.3.2"
      }
    },
    "node_modules/@tsparticles/interaction-external-push": {
      "version": "4.3.2",
      "resolved": "https://registry.npmjs.org/@tsparticles/interaction-external-push/-/interaction-external-push-4.3.2.tgz",
      "integrity": "sha512-2buFHr/73pdHMXaFPUFjdY0STWysvEGJpSYSAwmvt58WHVbM1z2XwBMpozQwRe15UNDw3H5ddeiVkIKuqwjZlQ==",
      "license": "MIT",
      "peerDependencies": {
        "@tsparticles/engine": "4.3.2",
        "@tsparticles/plugin-interactivity": "4.3.2"
      }
    },
    "node_modules/@tsparticles/interaction-external-remove": {
      "version": "4.3.2",
      "resolved": "https://registry.npmjs.org/@tsparticles/interaction-external-remove/-/interaction-external-remove-4.3.2.tgz",
      "integrity": "sha512-iJW2VuguF+cIUEHnrdFcVWTZMJnZ7j0q74Jut3FQy4XyGTzD2P8UCswbfpnZHQssGIPMupp7bHNIXOOchLTrtw==",
      "license": "MIT",
      "peerDependencies": {
        "@tsparticles/engine": "4.3.2",
        "@tsparticles/plugin-interactivity": "4.3.2"
      }
    },
    "node_modules/@tsparticles/interaction-external-repulse": {
      "version": "4.3.2",
      "resolved": "https://registry.npmjs.org/@tsparticles/interaction-external-repulse/-/interaction-external-repulse-4.3.2.tgz",
      "integrity": "sha512-o0RyOjQROCqpJzjaMcNFew9afvJdKJB94E5XYoJCYK6Pwhp0BFMariXe91/yTdguIYrjUwJMQ5bvyBejP4Ygzw==",
      "license": "MIT",
      "peerDependencies": {
        "@tsparticles/engine": "4.3.2",
        "@tsparticles/plugin-interactivity": "4.3.2"
      }
    },
    "node_modules/@tsparticles/interaction-external-slow": {
      "version": "4.3.2",
      "resolved": "https://registry.npmjs.org/@tsparticles/interaction-external-slow/-/interaction-external-slow-4.3.2.tgz",
      "integrity": "sha512-wMdbZ6xD0QQJ1W077iJvHyCJ2kKHpE4+/xu0B7ffTHesn6vYv4K+CWUVvBTwVC5sJVq4Q2Av974qOfxIhMY7ZQ==",
      "license": "MIT",
      "peerDependencies": {
        "@tsparticles/engine": "4.3.2",
        "@tsparticles/plugin-interactivity": "4.3.2"
      }
    },
    "node_modules/@tsparticles/interaction-particles-attract": {
      "version": "4.3.2",
      "resolved": "https://registry.npmjs.org/@tsparticles/interaction-particles-attract/-/interaction-particles-attract-4.3.2.tgz",
      "integrity": "sha512-X2GUryt0e5tkeQmIAt7QDqiq3OtNXE72QrM2a+T8E3T0Cvq9/UqrOtlCm6VKlel9OV2NAUi3BH84oCvOcqfYFg==",
      "license": "MIT",
      "peerDependencies": {
        "@tsparticles/engine": "4.3.2",
        "@tsparticles/plugin-interactivity": "4.3.2"
      }
    },
    "node_modules/@tsparticles/interaction-particles-collisions": {
      "version": "4.3.2",
      "resolved": "https://registry.npmjs.org/@tsparticles/interaction-particles-collisions/-/interaction-particles-collisions-4.3.2.tgz",
      "integrity": "sha512-dLBgNXAdRJN2bFTYPEK3lvSeJFWOT1gv22aGOBatPPxLZ+mH5w3oH8LE2noa7tBpiyG4tVEzMzZUIdp57SemPg==",
      "license": "MIT",
      "peerDependencies": {
        "@tsparticles/engine": "4.3.2",
        "@tsparticles/plugin-interactivity": "4.3.2"
      }
    },
    "node_modules/@tsparticles/interaction-particles-links": {
      "version": "4.3.2",
      "resolved": "https://registry.npmjs.org/@tsparticles/interaction-particles-links/-/interaction-particles-links-4.3.2.tgz",
      "integrity": "sha512-h0bZcpj2tFItovtzCMyHCqu2Fhz+/N9oXQctvmD9sf7C7eya26ZsISEgPqqFIAvdwLYhmQTk5fns4d/6Y7yRWg==",
      "license": "MIT",
      "dependencies": {
        "@tsparticles/canvas-utils": "4.3.2"
      },
      "peerDependencies": {
        "@tsparticles/engine": "4.3.2",
        "@tsparticles/plugin-interactivity": "4.3.2"
      }
    },
    "node_modules/@tsparticles/plugin-blend": {
      "version": "4.3.2",
      "resolved": "https://registry.npmjs.org/@tsparticles/plugin-blend/-/plugin-blend-4.3.2.tgz",
      "integrity": "sha512-5iUDwzvcOtiaFvsbL3y+UzneGrlNwITB8HlNCfjp675wrg9xh7ILHa3/ZYHii1qC8gkKNva0w2N+wET9n+XWBQ==",
      "license": "MIT",
      "peerDependencies": {
        "@tsparticles/engine": "4.3.2"
      }
    },
    "node_modules/@tsparticles/plugin-easing-quad": {
      "version": "4.3.2",
      "resolved": "https://registry.npmjs.org/@tsparticles/plugin-easing-quad/-/plugin-easing-quad-4.3.2.tgz",
      "integrity": "sha512-yrh6KSD+UEY8aW3hnfzVL84neUwCZ1ZqU/cj5jTHDQ7zFbYu8QA6zhR30kYHI645VmCaMjp+zuZ2ii6rwXsVIQ==",
      "funding": [
        {
          "type": "github",
          "url": "https://github.com/sponsors/matteobruni"
        },
        {
          "type": "github",
          "url": "https://github.com/sponsors/tsparticles"
        },
        {
          "type": "buymeacoffee",
          "url": "https://www.buymeacoffee.com/matteobruni"
        }
      ],
      "license": "MIT",
      "peerDependencies": {
        "@tsparticles/engine": "4.3.2"
      }
    },
    "node_modules/@tsparticles/plugin-hex-color": {
      "version": "4.3.2",
      "resolved": "https://registry.npmjs.org/@tsparticles/plugin-hex-color/-/plugin-hex-color-4.3.2.tgz",
      "integrity": "sha512-uRNSHx/d3hByVYAwPHKKoKxy7s0QujhNUpsgDuL92JODKCjCFm8SudbkW3STSXVznhY5bCcu4iAF+7zKVgVXCg==",
      "funding": [
        {
          "type": "github",
          "url": "https://github.com/sponsors/matteobruni"
        },
        {
          "type": "github",
          "url": "https://github.com/sponsors/tsparticles"
        },
        {
          "type": "buymeacoffee",
          "url": "https://www.buymeacoffee.com/matteobruni"
        }
      ],
      "license": "MIT",
      "peerDependencies": {
        "@tsparticles/engine": "4.3.2"
      }
    },
    "node_modules/@tsparticles/plugin-hsl-color": {
      "version": "4.3.2",
      "resolved": "https://registry.npmjs.org/@tsparticles/plugin-hsl-color/-/plugin-hsl-color-4.3.2.tgz",
      "integrity": "sha512-kvRux8WnToyy9Dr8ROYvNDnE0HPW5h7x3wBROOghlazGYvYPO4nJBFvcmvvISRF6Ghsm9bzY255Qun2vACv2tA==",
      "funding": [
        {
          "type": "github",
          "url": "https://github.com/sponsors/matteobruni"
        },
        {
          "type": "github",
          "url": "https://github.com/sponsors/tsparticles"
        },
        {
          "type": "buymeacoffee",
          "url": "https://www.buymeacoffee.com/matteobruni"
        }
      ],
      "license": "MIT",
      "peerDependencies": {
        "@tsparticles/engine": "4.3.2"
      }
    },
    "node_modules/@tsparticles/plugin-interactivity": {
      "version": "4.3.2",
      "resolved": "https://registry.npmjs.org/@tsparticles/plugin-interactivity/-/plugin-interactivity-4.3.2.tgz",
      "integrity": "sha512-GIOiyrSn2Zf+cWxLPeUeYG4qjSeGzDcocbSiLcAaPPjZ5J+D0LOBsrrb6qvqMvUj0qCkjKF4cIf7OgznhkdZkw==",
      "license": "MIT",
      "peerDependencies": {
        "@tsparticles/engine": "4.3.2"
      }
    },
    "node_modules/@tsparticles/plugin-move": {
      "version": "4.3.2",
      "resolved": "https://registry.npmjs.org/@tsparticles/plugin-move/-/plugin-move-4.3.2.tgz",
      "integrity": "sha512-8nSDxWhxVWl9JzX/fSZwz5ZVzEMMFJLF3vizjfag2zE+jc4Nidfs9ZOPrD4yxpKSfZiv1ZwJpoOhT2ch4sVTug==",
      "license": "MIT",
      "peerDependencies": {
        "@tsparticles/engine": "4.3.2"
      }
    },
    "node_modules/@tsparticles/plugin-rgb-color": {
      "version": "4.3.2",
      "resolved": "https://registry.npmjs.org/@tsparticles/plugin-rgb-color/-/plugin-rgb-color-4.3.2.tgz",
      "integrity": "sha512-/4xZBlEWqqG7VscJzC2VimA62fxDboe4XO1+m8LeM2ytxrhEpNk14TeBJt+zCc8jBkFjpKOdmTZ0VYyuK4FtDQ==",
      "funding": [
        {
          "type": "github",
          "url": "https://github.com/sponsors/matteobruni"
        },
        {
          "type": "github",
          "url": "https://github.com/sponsors/tsparticles"
        },
        {
          "type": "buymeacoffee",
          "url": "https://www.buymeacoffee.com/matteobruni"
        }
      ],
      "license": "MIT",
      "peerDependencies": {
        "@tsparticles/engine": "4.3.2"
      }
    },
    "node_modules/@tsparticles/react": {
      "version": "4.3.2",
      "resolved": "https://registry.npmjs.org/@tsparticles/react/-/react-4.3.2.tgz",
      "integrity": "sha512-aCTqFkGBnT1BitrlmyjkR+FNQ+RKuO8UfhadLfW51YSHwTdR0erB1ZFab+wCout1SWGIR7mirRWfjwewxiDMeA==",
      "license": "MIT",
      "peerDependencies": {
        "@tsparticles/engine": "4.3.2",
        "react": ">=16.8.0",
        "react-dom": ">=16.8.0"
      }
    },
    "node_modules/@tsparticles/shape-circle": {
      "version": "4.3.2",
      "resolved": "https://registry.npmjs.org/@tsparticles/shape-circle/-/shape-circle-4.3.2.tgz",
      "integrity": "sha512-IOStpEafsK9vIZsXtrO1zpqF3pW5ydstD8db4omioAnoYFfKwbgyfkQz9l4pDnJy8636RbnQNVbYGlyxKuJ0cw==",
      "license": "MIT",
      "peerDependencies": {
        "@tsparticles/engine": "4.3.2"
      }
    },
    "node_modules/@tsparticles/shape-emoji": {
      "version": "4.3.2",
      "resolved": "https://registry.npmjs.org/@tsparticles/shape-emoji/-/shape-emoji-4.3.2.tgz",
      "integrity": "sha512-et8OLZpt1fJsBBEhb0NHp++MeMF3Q3VZq1JMzdaI6i1rCm8h8yfEbi96Izz+e1OFYKpY/qZfyVxrLnW33VYFJg==",
      "license": "MIT",
      "dependencies": {
        "@tsparticles/canvas-utils": "4.3.2"
      },
      "peerDependencies": {
        "@tsparticles/engine": "4.3.2"
      }
    },
    "node_modules/@tsparticles/shape-image": {
      "version": "4.3.2",
      "resolved": "https://registry.npmjs.org/@tsparticles/shape-image/-/shape-image-4.3.2.tgz",
      "integrity": "sha512-EtKkH7DMI+2rcF9n5VCJWKcyI/jX+B/OfucM/9MThG5qApqLBzfZvxRQRFG2agZKIHByGmXtfZyou4y2XPuq9g==",
      "license": "MIT",
      "peerDependencies": {
        "@tsparticles/engine": "4.3.2"
      }
    },
    "node_modules/@tsparticles/shape-line": {
      "version": "4.3.2",
      "resolved": "https://registry.npmjs.org/@tsparticles/shape-line/-/shape-line-4.3.2.tgz",
      "integrity": "sha512-ph8q+9vx8BxYb1JToPde6v0Vejfg+hPGEWYhD5J5orrLcxqjmGimbRd+ycFV+fgHcmFDzfzlVUtiR7U+F3mgNg==",
      "license": "MIT",
      "peerDependencies": {
        "@tsparticles/engine": "4.3.2"
      }
    },
    "node_modules/@tsparticles/shape-polygon": {
      "version": "4.3.2",
      "resolved": "https://registry.npmjs.org/@tsparticles/shape-polygon/-/shape-polygon-4.3.2.tgz",
      "integrity": "sha512-ebpHYQlk0khRXFtG1WWQIQSIedb23OEICWuhTAmh87lVkFkNeU5synyS6UqxSOXda098BiRnO++P69Sfq12E5w==",
      "license": "MIT",
      "peerDependencies": {
        "@tsparticles/engine": "4.3.2"
      }
    },
    "node_modules/@tsparticles/shape-square": {
      "version": "4.3.2",
      "resolved": "https://registry.npmjs.org/@tsparticles/shape-square/-/shape-square-4.3.2.tgz",
      "integrity": "sha512-U3q5TdvDclXSAM6ott4evZaWt00o+mEmO0RUsIGZR4W0DdaaZTa0zmeitQnM/wJnkwpXUqVWF3H88FS1MOy9ag==",
      "license": "MIT",
      "peerDependencies": {
        "@tsparticles/engine": "4.3.2"
      }
    },
    "node_modules/@tsparticles/shape-star": {
      "version": "4.3.2",
      "resolved": "https://registry.npmjs.org/@tsparticles/shape-star/-/shape-star-4.3.2.tgz",
      "integrity": "sha512-i8AquyuaJ3GH3qsWIepVbsdxCM0Tl0ZFSmJni8AC+ly2Py7+Ig/uJpxM9oC5YkNdcAU6vosMgAS3xUobVQDvsg==",
      "license": "MIT",
      "peerDependencies": {
        "@tsparticles/engine": "4.3.2"
      }
    },
    "node_modules/@tsparticles/slim": {
      "version": "4.3.2",
      "resolved": "https://registry.npmjs.org/@tsparticles/slim/-/slim-4.3.2.tgz",
      "integrity": "sha512-VDCC1xod/Ak9Pn+OD/5AT6y3ccPR3n+EHQBZJKin81yYE/+POfNZ+tDSg/cMmrNBW6MFobKVJpp2kO0AoYFvrw==",
      "funding": [
        {
          "type": "github",
          "url": "https://github.com/sponsors/matteobruni"
        },
        {
          "type": "github",
          "url": "https://github.com/sponsors/tsparticles"
        },
        {
          "type": "buymeacoffee",
          "url": "https://www.buymeacoffee.com/matteobruni"
        }
      ],
      "license": "MIT",
      "dependencies": {
        "@tsparticles/basic": "4.3.2",
        "@tsparticles/engine": "4.3.2",
        "@tsparticles/interaction-external-attract": "4.3.2",
        "@tsparticles/interaction-external-bounce": "4.3.2",
        "@tsparticles/interaction-external-bubble": "4.3.2",
        "@tsparticles/interaction-external-connect": "4.3.2",
        "@tsparticles/interaction-external-destroy": "4.3.2",
        "@tsparticles/interaction-external-grab": "4.3.2",
        "@tsparticles/interaction-external-parallax": "4.3.2",
        "@tsparticles/interaction-external-pause": "4.3.2",
        "@tsparticles/interaction-external-push": "4.3.2",
        "@tsparticles/interaction-external-remove": "4.3.2",
        "@tsparticles/interaction-external-repulse": "4.3.2",
        "@tsparticles/interaction-external-slow": "4.3.2",
        "@tsparticles/interaction-particles-attract": "4.3.2",
        "@tsparticles/interaction-particles-collisions": "4.3.2",
        "@tsparticles/interaction-particles-links": "4.3.2",
        "@tsparticles/plugin-easing-quad": "4.3.2",
        "@tsparticles/plugin-interactivity": "4.3.2",
        "@tsparticles/shape-emoji": "4.3.2",
        "@tsparticles/shape-image": "4.3.2",
        "@tsparticles/shape-line": "4.3.2",
        "@tsparticles/shape-polygon": "4.3.2",
        "@tsparticles/shape-square": "4.3.2",
        "@tsparticles/shape-star": "4.3.2",
        "@tsparticles/updater-life": "4.3.2",
        "@tsparticles/updater-paint": "4.3.2",
        "@tsparticles/updater-rotate": "4.3.2"
      }
    },
    "node_modules/@tsparticles/updater-life": {
      "version": "4.3.2",
      "resolved": "https://registry.npmjs.org/@tsparticles/updater-life/-/updater-life-4.3.2.tgz",
      "integrity": "sha512-RL3803nFKsCsGQavLSZyEiFWhto9R4+QQ/tsqt8PNmHOC7nmI96ZVGVXDknaSuCM4OwuwrDawIdrZUv6OSEFSQ==",
      "license": "MIT",
      "peerDependencies": {
        "@tsparticles/engine": "4.3.2"
      }
    },
    "node_modules/@tsparticles/updater-opacity": {
      "version": "4.3.2",
      "resolved": "https://registry.npmjs.org/@tsparticles/updater-opacity/-/updater-opacity-4.3.2.tgz",
      "integrity": "sha512-Mw4WN/E+ZQQkL683/oyLkebDMpSpbqDRgx2GhMqWOQNTDby5RYG6wSrq0cGtg0aLZmkoYDYLz5Al7wjPfX0/LA==",
      "license": "MIT",
      "dependencies": {
        "@tsparticles/animation-utils": "4.3.2"
      },
      "peerDependencies": {
        "@tsparticles/engine": "4.3.2"
      }
    },
    "node_modules/@tsparticles/updater-out-modes": {
      "version": "4.3.2",
      "resolved": "https://registry.npmjs.org/@tsparticles/updater-out-modes/-/updater-out-modes-4.3.2.tgz",
      "integrity": "sha512-lGiYbrFGaAmBakCrEf3Xq5W+LzDkvfINav0MGxCe/acf7u3yvjOUkVH0Co1zc/ju43nU5U2ZO88Anqk4xKtoPA==",
      "license": "MIT",
      "peerDependencies": {
        "@tsparticles/engine": "4.3.2"
      }
    },
    "node_modules/@tsparticles/updater-paint": {
      "version": "4.3.2",
      "resolved": "https://registry.npmjs.org/@tsparticles/updater-paint/-/updater-paint-4.3.2.tgz",
      "integrity": "sha512-cp020EtLL0zjsILL1w07r8n8wmwzziuHwtQ0GqGaGq+SikrdoK6yT/sXbyAylJqDypNaloVy3NZMq4wNQtxLOg==",
      "license": "MIT",
      "peerDependencies": {
        "@tsparticles/engine": "4.3.2"
      }
    },
    "node_modules/@tsparticles/updater-rotate": {
      "version": "4.3.2",
      "resolved": "https://registry.npmjs.org/@tsparticles/updater-rotate/-/updater-rotate-4.3.2.tgz",
      "integrity": "sha512-vDp7sg+FQQ9NRY6Nh2Joccd5oqmv6W1Y0L56AWrxjc6wk29IRuVeRo1QuoqRLzqq/xLJBhsbkyKXZG0wiE8Blg==",
      "license": "MIT",
      "dependencies": {
        "@tsparticles/animation-utils": "4.3.2"
      },
      "peerDependencies": {
        "@tsparticles/engine": "4.3.2"
      }
    },
    "node_modules/@tsparticles/updater-size": {
      "version": "4.3.2",
      "resolved": "https://registry.npmjs.org/@tsparticles/updater-size/-/updater-size-4.3.2.tgz",
      "integrity": "sha512-U7YtYqH0MvALOS4Nr33soOFJ63n8qS9Xujl9BcNZnbmRBf4xgOnTC1TztMvGO19GANTBwq4QKsKQiwFlwAk4qw==",
      "license": "MIT",
      "dependencies": {
        "@tsparticles/animation-utils": "4.3.2"
      },
      "peerDependencies": {
        "@tsparticles/engine": "4.3.2"
      }
    },
    "node_modules/framer-motion": {
      "version": "12.43.0",
      "resolved": "https://registry.npmjs.org/framer-motion/-/framer-motion-12.43.0.tgz",
      "integrity": "sha512-1eaL3RvR/kAlbG7UYcpMptEyzPoENO0c6w7ZnB3/hh2vSAz/6uGAFn6fdoqTBguNstf3MsFhJHsD/0DHiclG+g==",
      "license": "MIT",
      "dependencies": {
        "motion-dom": "^12.43.0",
        "motion-utils": "^12.39.0",
        "tslib": "^2.4.0"
      },
      "peerDependencies": {
        "@emotion/is-prop-valid": "*",
        "react": "^18.0.0 || ^19.0.0",
        "react-dom": "^18.0.0 || ^19.0.0"
      },
      "peerDependenciesMeta": {
        "@emotion/is-prop-valid": {
          "optional": true
        },
        "react": {
          "optional": true
        },
        "react-dom": {
          "optional": true
        }
      }
    },
    "node_modules/lenis": {
      "version": "1.3.25",
      "resolved": "https://registry.npmjs.org/lenis/-/lenis-1.3.25.tgz",
      "integrity": "sha512-mOKxayErlaONK8fm4LN3XNd99Qu4plTpn9h9qf8wxzjGrJDzuD84FYzZ81HCd6ZsWp++VWVwOzL286Pf2s2u4A==",
      "license": "MIT",
      "workspaces": [
        "packages/*",
        "playground",
        "playground/*"
      ],
      "funding": {
        "type": "github",
        "url": "https://github.com/sponsors/darkroomengineering"
      },
      "peerDependencies": {
        "@nuxt/kit": ">=3.0.0",
        "react": ">=17.0.0",
        "vue": ">=3.0.0"
      },
      "peerDependenciesMeta": {
        "@nuxt/kit": {
          "optional": true
        },
        "react": {
          "optional": true
        },
        "vue": {
          "optional": true
        }
      }
    },
    "node_modules/motion": {
      "version": "12.43.0",
      "resolved": "https://registry.npmjs.org/motion/-/motion-12.43.0.tgz",
      "integrity": "sha512-BQgQbSa9Hn3/mtbib0MK53y6JSANa+YKUKlaYnWzAVDH424RYQ5LVpV3pNiWH00BA2z4ojsSdMzqT7g2FQwjuQ==",
      "license": "MIT",
      "dependencies": {
        "framer-motion": "^12.43.0",
        "tslib": "^2.4.0"
      },
      "peerDependencies": {
        "@emotion/is-prop-valid": "*",
        "react": "^18.0.0 || ^19.0.0",
        "react-dom": "^18.0.0 || ^19.0.0"
      },
      "peerDependenciesMeta": {
        "@emotion/is-prop-valid": {
          "optional": true
        },
        "react": {
          "optional": true
        },
        "react-dom": {
          "optional": true
        }
      }
    },
    "node_modules/motion-dom": {
      "version": "12.43.0",
      "resolved": "https://registry.npmjs.org/motion-dom/-/motion-dom-12.43.0.tgz",
      "integrity": "sha512-azKON4d9S65PEoFUiQTMTgPheEmzf2QngdRc50AKfJp9Q9mmcBVw22c8eMq9k8kxOFHdL7+WZY7N/5F/lwiDag==",
      "license": "MIT",
      "dependencies": {
        "motion-utils": "^12.39.0"
      }
    },
    "node_modules/motion-utils": {
      "version": "12.39.0",
      "resolved": "https://registry.npmjs.org/motion-utils/-/motion-utils-12.39.0.tgz",
      "integrity": "sha512-8nadJAJjTtqRkmRF36FoJTrywK9nnFmnPwnSMyxaOCU7GDjN9RTMJIxx9De8ErM+vpPhMccr/6fo5WciyQLnMQ==",
      "license": "MIT"
    },
    "node_modules/react": {
      "version": "19.2.8",
      "resolved": "https://registry.npmjs.org/react/-/react-19.2.8.tgz",
      "integrity": "sha512-PWaYA1L/q9u2u7xYQi+Y3L3Yfnie7XyLeaJICV1MGD6LprsBxcAqGjYyr0eY3p+QdsA+x/Irkt4Qif8D63+Sbw==",
      "license": "MIT",
      "peer": true,
      "engines": {
        "node": ">=0.10.0"
      }
    },
    "node_modules/react-dom": {
      "version": "19.2.8",
      "resolved": "https://registry.npmjs.org/react-dom/-/react-dom-19.2.8.tgz",
      "integrity": "sha512-rVprimfGBG3DR+Tq0IQG2DT5PxKth1WIGDmj5yPmlzr4YBe7uyE+Du4oVqTDXZSHGGGXRtTJEGSSePyQCMBglQ==",
      "license": "MIT",
      "peer": true,
      "dependencies": {
        "scheduler": "^0.27.0"
      },
      "peerDependencies": {
        "react": "^19.2.8"
      }
    },
    "node_modules/scheduler": {
      "version": "0.27.0",
      "resolved": "https://registry.npmjs.org/scheduler/-/scheduler-0.27.0.tgz",
      "integrity": "sha512-eNv+WrVbKu1f3vbYJT/xtiF5syA5HPIMtf9IgY/nKg0sWqzAUEvqY/xm7OcZc/qafLx/iO9FgOmeSAp4v5ti/Q==",
      "license": "MIT",
      "peer": true
    },
    "node_modules/tslib": {
      "version": "2.8.1",
      "resolved": "https://registry.npmjs.org/tslib/-/tslib-2.8.1.tgz",
      "integrity": "sha512-oJFu94HQb+KVduSUQL7wnpmqnfmLsOA/nAh6b6EH0wCEoK0/mPeXU6c3wKDV83MkOuHPRHtSXKKU99IBazS/2w==",
      "license": "0BSD"
    }
  }
}
